
Microsoft Visual Studio Solution File, Format Version 12.00
# Visual Studio Version 16
VisualStudioVersion = 16.0.29613.14
MinimumVisualStudioVersion = 10.0.40219.1
Project("{9092AA53-FB77-4645-B42D-1CCCA6BD08BD}") = "Noter.Api", "Noter.Api\Noter.Api.njsproj", "{0F1CFEF0-3A4D-4861-9B85-C5A50B2BB2D3}"
EndProject
Global
	GlobalSection(SolutionConfigurationPlatforms) = preSolution
		Debug|Any CPU = Debug|Any CPU
		Release|Any CPU = Release|Any CPU
	EndGlobalSection
	GlobalSection(ProjectConfigurationPlatforms) = postSolution
		{0F1CFEF0-3A4D-4861-9B85-C5A50B2BB2D3}.Debug|Any CPU.ActiveCfg = Debug|Any CPU
		{0F1CFEF0-3A4D-4861-9B85-C5A50B2BB2D3}.Debug|Any CPU.Build.0 = Debug|Any CPU
		{0F1CFEF0-3A4D-4861-9B85-C5A50B2BB2D3}.Release|Any CPU.ActiveCfg = Release|Any CPU
		{0F1CFEF0-3A4D-4861-9B85-C5A50B2BB2D3}.Release|Any CPU.Build.0 = Release|Any CPU
	EndGlobalSection
	GlobalSection(SolutionProperties) = preSolution
		HideSolutionNode = FALSE
	EndGlobalSection
	GlobalSection(ExtensibilityGlobals) = postSolution
		SolutionGuid = {FCD8907A-54CF-4BED-87B9-3D11316850EF}
	EndGlobalSection
EndGlobal
